
Microsoft Visual Studio Solution File, Format Version 12.00
# Visual Studio 15
VisualStudioVersion = 15.0.27703.2042
MinimumVisualStudioVersion = 10.0.40219.1
Project("{FAE04EC0-301F-11D3-BF4B-00C04F79EFBC}") = "ClassLibrary", "ClassLibrary\ClassLibrary.csproj", "{283A8631-E4BF-4D37-97E0-BBD6F1820E3D}"
EndProject
Project("{FAE04EC0-301F-11D3-BF4B-00C04F79EFBC}") = "4Form", "4Form\4Form.csproj", "{656841CC-F18F-4B5D-B035-B3E1E2241D06}"
EndProject
Global
	GlobalSection(SolutionConfigurationPlatforms) = preSolution
		Debug|Any CPU = Debug|Any CPU
		Release|Any CPU = Release|Any CPU
	EndGlobalSection
	GlobalSection(ProjectConfigurationPlatforms) = postSolution
		{283A8631-E4BF-4D37-97E0-BBD6F1820E3D}.Debug|Any CPU.ActiveCfg = Debug|Any CPU
		{283A8631-E4BF-4D37-97E0-BBD6F1820E3D}.Debug|Any CPU.Build.0 = Debug|Any CPU
		{283A8631-E4BF-4D37-97E0-BBD6F1820E3D}.Release|Any CPU.ActiveCfg = Release|Any CPU
		{283A8631-E4BF-4D37-97E0-BBD6F1820E3D}.Release|Any CPU.Build.0 = Release|Any CPU
		{656841CC-F18F-4B5D-B035-B3E1E2241D06}.Debug|Any CPU.ActiveCfg = Debug|Any CPU
		{656841CC-F18F-4B5D-B035-B3E1E2241D06}.Debug|Any CPU.Build.0 = Debug|Any CPU
		{656841CC-F18F-4B5D-B035-B3E1E2241D06}.Release|Any CPU.ActiveCfg = Release|Any CPU
		{656841CC-F18F-4B5D-B035-B3E1E2241D06}.Release|Any CPU.Build.0 = Release|Any CPU
	EndGlobalSection
	GlobalSection(SolutionProperties) = preSolution
		HideSolutionNode = FALSE
	EndGlobalSection
	GlobalSection(ExtensibilityGlobals) = postSolution
		SolutionGuid = {F95ACA46-0235-4016-95C1-B471AC1C76DA}
	EndGlobalSection
EndGlobal
